
Microsoft Visual Studio Solution File, Format Version 12.00
# Visual Studio Version 16
VisualStudioVersion = 16.0.29215.179
MinimumVisualStudioVersion = 10.0.40219.1
Project("{9A19103F-16F7-4668-BE54-9A1E7A4F7556}") = "NaveStudio", "NaveStudio\NaveStudio.csproj", "{D81F2E13-9488-4F5E-ADD1-800E9CF34E2D}"
EndProject
Global
	GlobalSection(SolutionConfigurationPlatforms) = preSolution
		Debug|Any CPU = Debug|Any CPU
		Release|Any CPU = Release|Any CPU
	EndGlobalSection
	GlobalSection(ProjectConfigurationPlatforms) = postSolution
		{D81F2E13-9488-4F5E-ADD1-800E9CF34E2D}.Debug|Any CPU.ActiveCfg = Debug|Any CPU
		{D81F2E13-9488-4F5E-ADD1-800E9CF34E2D}.Debug|Any CPU.Build.0 = Debug|Any CPU
		{D81F2E13-9488-4F5E-ADD1-800E9CF34E2D}.Release|Any CPU.ActiveCfg = Release|Any CPU
		{D81F2E13-9488-4F5E-ADD1-800E9CF34E2D}.Release|Any CPU.Build.0 = Release|Any CPU
	EndGlobalSection
	GlobalSection(SolutionProperties) = preSolution
		HideSolutionNode = FALSE
	EndGlobalSection
	GlobalSection(ExtensibilityGlobals) = postSolution
		SolutionGuid = {B2A1F592-BE13-4527-9FFB-92DC75C9075B}
	EndGlobalSection
EndGlobal
